
Microsoft Visual Studio Solution File, Format Version 12.00
# Visual Studio Version 16
VisualStudioVersion = 16.0.28803.202
MinimumVisualStudioVersion = 10.0.40219.1
Project("{9A19103F-16F7-4668-BE54-9A1E7A4F7556}") = "StreamR", "StreamR.csproj", "{C68EDB1A-0239-483F-996F-B4F2CE69320F}"
EndProject
Project("{FAE04EC0-301F-11D3-BF4B-00C04F79EFBC}") = "StreamR.Tests", "..\StreamR.Tests\StreamR.Tests.csproj", "{33ECF353-53B8-4716-80CA-4407748E9782}"
EndProject
Global
	GlobalSection(SolutionConfigurationPlatforms) = preSolution
		Debug|Any CPU = Debug|Any CPU
		Release|Any CPU = Release|Any CPU
	EndGlobalSection
	GlobalSection(ProjectConfigurationPlatforms) = postSolution
		{C68EDB1A-0239-483F-996F-B4F2CE69320F}.Debug|Any CPU.ActiveCfg = Debug|Any CPU
		{C68EDB1A-0239-483F-996F-B4F2CE69320F}.Debug|Any CPU.Build.0 = Debug|Any CPU
		{C68EDB1A-0239-483F-996F-B4F2CE69320F}.Release|Any CPU.ActiveCfg = Release|Any CPU
		{C68EDB1A-0239-483F-996F-B4F2CE69320F}.Release|Any CPU.Build.0 = Release|Any CPU
		{33ECF353-53B8-4716-80CA-4407748E9782}.Debug|Any CPU.ActiveCfg = Debug|Any CPU
		{33ECF353-53B8-4716-80CA-4407748E9782}.Debug|Any CPU.Build.0 = Debug|Any CPU
		{33ECF353-53B8-4716-80CA-4407748E9782}.Release|Any CPU.ActiveCfg = Release|Any CPU
		{33ECF353-53B8-4716-80CA-4407748E9782}.Release|Any CPU.Build.0 = Release|Any CPU
	EndGlobalSection
	GlobalSection(SolutionProperties) = preSolution
		HideSolutionNode = FALSE
	EndGlobalSection
	GlobalSection(ExtensibilityGlobals) = postSolution
		SolutionGuid = {38AE50B6-C0BC-4218-B340-FAF58D30878C}
	EndGlobalSection
EndGlobal
